{
  "originHash" : "4561a9088cc02d530cf0726a874107be63f44ab1ddffae049809036cedc44807",
  "pins" : [
    {
      "identity" : "aidokurunner",
      "kind" : "remoteSourceControl",
      "location" : "https://github.com/Aidoku/AidokuRunner",
      "state" : {
        "branch" : "main",
        "revision" : "3dcb4ea9afd8f6ad35b4f7fe47166f596ae4a0a9"
      }
    },
    {
      "identity" : "fakewebkit",
      "kind" : "remoteSourceControl",
      "location" : "https://github.com/undeaDD/FakeWebKit",
      "state" : {
        "branch" : "main",
        "revision" : "851ab88f8558e5af93d4f4f7160586ad0aa5e93b"
      }
    },
    {
      "identity" : "kingfisher",
      "kind" : "remoteSourceControl",
      "location" : "https://github.com/onevcat/Kingfisher.git",
      "state" : {
        "revision" : "d30a5fad881137e2267f96a8e3fc35c58999bb94",
        "version" : "8.6.2"
      }
    },
    {
      "identity" : "mpvkit",
      "kind" : "remoteSourceControl",
      "location" : "https://github.com/Soupy-dev/MPVKit",
      "state" : {
        "revision" : "3257830892c6b8cf44e0007aca2a4cef8064bc90"
      }
    },
    {
      "identity" : "nuke",
      "kind" : "remoteSourceControl",
      "location" : "https://github.com/kean/Nuke",
      "state" : {
        "revision" : "0ead44350d2737db384908569c012fe67c421e4d",
        "version" : "12.8.0"
      }
    },
    {
      "identity" : "soracore",
      "kind" : "remoteSourceControl",
      "location" : "https://github.com/cranci1/SoraCore",
      "state" : {
        "branch" : "main",
        "revision" : "50ddc160fd606e9708adefc1d9fc7003b574446b"
      }
    },
    {
      "identity" : "swift-atomics",
      "kind" : "remoteSourceControl",
      "location" : "https://github.com/apple/swift-atomics.git",
      "state" : {
        "revision" : "b601256eab081c0f92f059e12818ac1d4f178ff7",
        "version" : "1.3.0"
      }
    },
    {
      "identity" : "texture",
      "kind" : "remoteSourceControl",
      "location" : "https://github.com/Skittyblock/Texture.git",
      "state" : {
        "revision" : "6a6475db9bf9f7e04731ab60053c3ca4934c1ac6",
        "version" : "3.1.1"
      }
    },
    {
      "identity" : "swiftlintplugins",
      "kind" : "remoteSourceControl",
      "location" : "https://github.com/SimplyDanny/SwiftLintPlugins",
      "state" : {
        "revision" : "8545ddf4de043e6f2051c5cf204f39ef778ebf6b",
        "version" : "0.59.1"
      }
    },
    {
      "identity" : "swiftsoup",
      "kind" : "remoteSourceControl",
      "location" : "https://github.com/scinfu/SwiftSoup.git",
      "state" : {
        "revision" : "4206bc7b8bd9a4ff8e9511211e1b4bff979ef9c4",
        "version" : "2.11.1"
      }
    },
    {
      "identity" : "wasm3",
      "kind" : "remoteSourceControl",
      "location" : "https://github.com/Skittyblock/Wasm3",
      "state" : {
        "branch" : "main",
        "revision" : "565f4858aa59976ab27719ec02238524eb27030d"
      }
    },
    {
      "identity" : "zipfoundation",
      "kind" : "remoteSourceControl",
      "location" : "https://github.com/weichsel/ZIPFoundation.git",
      "state" : {
        "revision" : "02b6abe5f6eef7e3cbd5f247c5cc24e246efcfe0",
        "version" : "0.9.19"
      }
    }
  ],
  "version" : 3
}
