{
  "originHash" : "4561a9088cc02d530cf0726a874107be63f44ab1ddffae049809036cedc44807",
  "pins" : [
    {
      "identity" : "fakewebkit",
      "kind" : "remoteSourceControl",
      "location" : "https://github.com/undeaDD/FakeWebKit",
      "state" : {
        "branch" : "main",
        "revision" : "851ab88f8558e5af93d4f4f7160586ad0aa5e93b"
      }
    },
    {
      "identity" : "kingfisher",
      "kind" : "remoteSourceControl",
      "location" : "https://github.com/onevcat/Kingfisher.git",
      "state" : {
        "revision" : "d30a5fad881137e2267f96a8e3fc35c58999bb94",
        "version" : "8.6.2"
      }
    },
    {
      "identity" : "mpvkit",
      "kind" : "remoteSourceControl",
      "location" : "https://github.com/Soupy-dev/MPVKit",
      "state" : {
        "revision" : "3257830892c6b8cf44e0007aca2a4cef8064bc90"
      }
    },
    {
      "identity" : "soracore",
      "kind" : "remoteSourceControl",
      "location" : "https://github.com/cranci1/SoraCore",
      "state" : {
        "branch" : "main",
        "revision" : "50ddc160fd606e9708adefc1d9fc7003b574446b"
      }
    },
    {
      "identity" : "vlckit-spm",
      "kind" : "remoteSourceControl",
      "location" : "https://github.com/Soupy-dev/vlckit-spm",
      "state" : {
        "branch" : "main",
        "revision" : "83020c3ecbf39f0a41f276ea248cfa77713dd7f0"
      }
    }
  ],
  "version" : 3
}
